{
  "version": 4,
  "terraform_version": "1.0.7",
  "serial": 29,
  "lineage": "589c0096-7091-4401-120c-1e43a1840e8e",
  "outputs": {},
  "resources": [
    {
      "mode": "data",
      "type": "alicloud_zones",
      "name": "default",
      "provider": "provider[\"registry.terraform.io/aliyun/alicloud\"]",
      "instances": [
        {
          "schema_version": 0,
          "attributes": {
            "available_disk_category": "cloud_efficiency",
            "available_instance_type": null,
            "available_resource_creation": "VSwitch",
            "available_slb_address_ip_version": null,
            "available_slb_address_type": null,
            "enable_details": false,
            "id": "1135358518",
            "ids": [
              "ap-southeast-1a",
              "ap-southeast-1b",
              "ap-southeast-1c"
            ],
            "instance_charge_type": "PostPaid",
            "multi": false,
            "network_type": null,
            "output_file": null,
            "spot_strategy": "NoSpot",
            "zones": [
              {
                "available_disk_categories": [],
                "available_instance_types": [],
                "available_resource_creation": [],
                "id": "ap-southeast-1a",
                "local_name": "",
                "multi_zone_ids": [],
                "slb_slave_zone_ids": []
              },
              {
                "available_disk_categories": [],
                "available_instance_types": [],
                "available_resource_creation": [],
                "id": "ap-southeast-1b",
                "local_name": "",
                "multi_zone_ids": [],
                "slb_slave_zone_ids": []
              },
              {
                "available_disk_categories": [],
                "available_instance_types": [],
                "available_resource_creation": [],
                "id": "ap-southeast-1c",
                "local_name": "",
                "multi_zone_ids": [],
                "slb_slave_zone_ids": []
              }
            ]
          },
          "sensitive_attributes": []
        }
      ]
    },
    {
      "mode": "managed",
      "type": "alicloud_vpc",
      "name": "vpc",
      "provider": "provider[\"registry.terraform.io/aliyun/alicloud\"]",
      "instances": [
        {
          "schema_version": 0,
          "attributes": {
            "cidr_block": "172.28.0.0/16",
            "description": "",
            "dry_run": null,
            "enable_ipv6": null,
            "id": "vpc-t4nc7a4xkn5nmtur7cxsv",
            "ipv6_cidr_block": "",
            "name": "devsecops",
            "resource_group_id": null,
            "route_table_id": "vtb-t4n8hre50a601aakldw69",
            "router_id": "vrt-t4nhfsg7yq6hb0pf769ls",
            "router_table_id": "vtb-t4n8hre50a601aakldw69",
            "secondary_cidr_blocks": [],
            "status": "Available",
            "tags": null,
            "timeouts": null,
            "user_cidrs": [],
            "vpc_name": "devsecops"
          },
          "sensitive_attributes": [],
          "private": "eyJlMmJmYjczMC1lY2FhLTExZTYtOGY4OC0zNDM2M2JjN2M0YzAiOnsiY3JlYXRlIjo2MDAwMDAwMDAwMDAsImRlbGV0ZSI6NjAwMDAwMDAwMDAwfX0="
        }
      ]
    },
    {
      "mode": "managed",
      "type": "alicloud_vswitch",
      "name": "vswitch",
      "provider": "provider[\"registry.terraform.io/aliyun/alicloud\"]",
      "instances": [
        {
          "schema_version": 0,
          "attributes": {
            "availability_zone": "ap-southeast-1a",
            "cidr_block": "172.28.0.0/24",
            "description": "",
            "id": "vsw-t4n1suwcwuv7sil9q776m",
            "name": "devsecops",
            "status": "Available",
            "tags": {},
            "timeouts": null,
            "vpc_id": "vpc-t4nc7a4xkn5nmtur7cxsv",
            "vswitch_name": "devsecops",
            "zone_id": "ap-southeast-1a"
          },
          "sensitive_attributes": [],
          "private": "eyJlMmJmYjczMC1lY2FhLTExZTYtOGY4OC0zNDM2M2JjN2M0YzAiOnsiY3JlYXRlIjo2MDAwMDAwMDAwMDAsImRlbGV0ZSI6NjAwMDAwMDAwMDAwfX0=",
          "dependencies": [
            "alicloud_vpc.vpc",
            "data.alicloud_zones.default"
          ]
        }
      ]
    }
  ]
}
