{
  "version": 4,
  "terraform_version": "1.0.5",
  "serial": 18,
  "lineage": "589c0096-7091-4401-120c-1e43a1840e8e",
  "outputs": {
    "password": {
      "value": "AKmwTAACch6gBKDs",
      "type": "string"
    },
    "public_ip": {
      "value": "47.241.92.118",
      "type": "string"
    },
    "ssh": {
      "value": "sshpass -pAKmwTAACch6gBKDs ssh root@47.241.92.118",
      "type": "string"
    }
  },
  "resources": [
    {
      "mode": "data",
      "type": "alicloud_images",
      "name": "ubuntu",
      "provider": "provider[\"registry.terraform.io/aliyun/alicloud\"]",
      "instances": [
        {
          "schema_version": 0,
          "attributes": {
            "action_type": null,
            "architecture": null,
            "dry_run": null,
            "id": "2001689907",
            "ids": [
              "ubuntu_18_04_x64_20G_alibase_20210623.vhd"
            ],
            "image_family": null,
            "images": [
              {
                "architecture": "x86_64",
                "creation_time": "2021-06-29T06:40:59Z",
                "description": "",
                "disk_device_mappings": [],
                "id": "ubuntu_18_04_x64_20G_alibase_20210623.vhd",
                "image_id": "ubuntu_18_04_x64_20G_alibase_20210623.vhd",
                "image_owner_alias": "system",
                "image_version": "",
                "is_copied": false,
                "is_self_shared": "",
                "is_subscribed": false,
                "is_support_io_optimized": true,
                "name": "ubuntu_18_04_x64_20G_alibase_20210623.vhd",
                "os_name": "Ubuntu  18.04 64位",
                "os_name_en": "Ubuntu  18.04 64 bit",
                "os_type": "linux",
                "platform": "Ubuntu",
                "product_code": "",
                "progress": "100%",
                "size": 20,
                "state": "Available",
                "status": "Available",
                "tags": {},
                "usage": "instance"
              }
            ],
            "instance_type": null,
            "is_support_cloud_init": null,
            "is_support_io_optimized": null,
            "most_recent": true,
            "name_regex": "^ubuntu_18.*64",
            "os_type": null,
            "output_file": null,
            "owners": null,
            "resource_group_id": null,
            "snapshot_id": null,
            "status": "Available",
            "tags": null,
            "usage": null
          },
          "sensitive_attributes": []
        }
      ]
    },
    {
      "mode": "data",
      "type": "alicloud_instance_types",
      "name": "c2g4",
      "provider": "provider[\"registry.terraform.io/aliyun/alicloud\"]",
      "instances": [
        {
          "schema_version": 0,
          "attributes": {
            "availability_zone": null,
            "cpu_core_count": 2,
            "eni_amount": null,
            "gpu_amount": null,
            "gpu_spec": null,
            "id": "1025253555",
            "ids": [
              "ecs.n1.medium",
              "ecs.n4.large",
              "ecs.sn1ne.large",
              "ecs.c5.large",
              "ecs.t5-c1m2.large",
              "ecs.t5-lc1m2.large",
              "ecs.c6.large",
              "ecs.t6-c1m2.large",
              "ecs.hfc6.large",
              "ecs.c6e.large",
              "ecs.c6t.large"
            ],
            "instance_charge_type": "PostPaid",
            "instance_type_family": null,
            "instance_types": [
              {
                "availability_zones": [
                  "ap-southeast-1a",
                  "ap-southeast-1b"
                ],
                "burstable_instance": {
                  "baseline_credit": "0",
                  "initial_credit": "0"
                },
                "cpu_core_count": 2,
                "eni_amount": 2,
                "family": "ecs.n1",
                "gpu": {
                  "amount": "0",
                  "category": ""
                },
                "id": "ecs.n1.medium",
                "local_storage": {
                  "amount": "0",
                  "capacity": "0",
                  "category": ""
                },
                "memory_size": 4,
                "price": ""
              },
              {
                "availability_zones": [
                  "ap-southeast-1a",
                  "ap-southeast-1b"
                ],
                "burstable_instance": {
                  "baseline_credit": "0",
                  "initial_credit": "0"
                },
                "cpu_core_count": 2,
                "eni_amount": 2,
                "family": "ecs.n4",
                "gpu": {
                  "amount": "0",
                  "category": ""
                },
                "id": "ecs.n4.large",
                "local_storage": {
                  "amount": "0",
                  "capacity": "0",
                  "category": ""
                },
                "memory_size": 4,
                "price": ""
              },
              {
                "availability_zones": [
                  "ap-southeast-1b"
                ],
                "burstable_instance": {
                  "baseline_credit": "0",
                  "initial_credit": "0"
                },
                "cpu_core_count": 2,
                "eni_amount": 2,
                "family": "ecs.sn1ne",
                "gpu": {
                  "amount": "0",
                  "category": ""
                },
                "id": "ecs.sn1ne.large",
                "local_storage": {
                  "amount": "0",
                  "capacity": "0",
                  "category": ""
                },
                "memory_size": 4,
                "price": ""
              },
              {
                "availability_zones": [
                  "ap-southeast-1a",
                  "ap-southeast-1b",
                  "ap-southeast-1c"
                ],
                "burstable_instance": {
                  "baseline_credit": "0",
                  "initial_credit": "0"
                },
                "cpu_core_count": 2,
                "eni_amount": 2,
                "family": "ecs.c5",
                "gpu": {
                  "amount": "0",
                  "category": ""
                },
                "id": "ecs.c5.large",
                "local_storage": {
                  "amount": "0",
                  "capacity": "0",
                  "category": ""
                },
                "memory_size": 4,
                "price": ""
              },
              {
                "availability_zones": [
                  "ap-southeast-1a",
                  "ap-southeast-1b",
                  "ap-southeast-1c"
                ],
                "burstable_instance": {
                  "baseline_credit": "50",
                  "initial_credit": "60"
                },
                "cpu_core_count": 2,
                "eni_amount": 2,
                "family": "ecs.t5",
                "gpu": {
                  "amount": "0",
                  "category": ""
                },
                "id": "ecs.t5-c1m2.large",
                "local_storage": {
                  "amount": "0",
                  "capacity": "0",
                  "category": ""
                },
                "memory_size": 4,
                "price": ""
              },
              {
                "availability_zones": [
                  "ap-southeast-1a",
                  "ap-southeast-1b",
                  "ap-southeast-1c"
                ],
                "burstable_instance": {
                  "baseline_credit": "40",
                  "initial_credit": "60"
                },
                "cpu_core_count": 2,
                "eni_amount": 2,
                "family": "ecs.t5",
                "gpu": {
                  "amount": "0",
                  "category": ""
                },
                "id": "ecs.t5-lc1m2.large",
                "local_storage": {
                  "amount": "0",
                  "capacity": "0",
                  "category": ""
                },
                "memory_size": 4,
                "price": ""
              },
              {
                "availability_zones": [
                  "ap-southeast-1a",
                  "ap-southeast-1b"
                ],
                "burstable_instance": {
                  "baseline_credit": "0",
                  "initial_credit": "0"
                },
                "cpu_core_count": 2,
                "eni_amount": 2,
                "family": "ecs.c6",
                "gpu": {
                  "amount": "0",
                  "category": ""
                },
                "id": "ecs.c6.large",
                "local_storage": {
                  "amount": "0",
                  "capacity": "0",
                  "category": ""
                },
                "memory_size": 4,
                "price": ""
              },
              {
                "availability_zones": [
                  "ap-southeast-1a",
                  "ap-southeast-1c"
                ],
                "burstable_instance": {
                  "baseline_credit": "40",
                  "initial_credit": "60"
                },
                "cpu_core_count": 2,
                "eni_amount": 2,
                "family": "ecs.t6",
                "gpu": {
                  "amount": "0",
                  "category": ""
                },
                "id": "ecs.t6-c1m2.large",
                "local_storage": {
                  "amount": "0",
                  "capacity": "0",
                  "category": ""
                },
                "memory_size": 4,
                "price": ""
              },
              {
                "availability_zones": [
                  "ap-southeast-1a",
                  "ap-southeast-1b",
                  "ap-southeast-1c"
                ],
                "burstable_instance": {
                  "baseline_credit": "0",
                  "initial_credit": "0"
                },
                "cpu_core_count": 2,
                "eni_amount": 2,
                "family": "ecs.hfc6",
                "gpu": {
                  "amount": "0",
                  "category": ""
                },
                "id": "ecs.hfc6.large",
                "local_storage": {
                  "amount": "0",
                  "capacity": "0",
                  "category": ""
                },
                "memory_size": 4,
                "price": ""
              },
              {
                "availability_zones": [
                  "ap-southeast-1a",
                  "ap-southeast-1b"
                ],
                "burstable_instance": {
                  "baseline_credit": "0",
                  "initial_credit": "0"
                },
                "cpu_core_count": 2,
                "eni_amount": 3,
                "family": "ecs.c6e",
                "gpu": {
                  "amount": "0",
                  "category": ""
                },
                "id": "ecs.c6e.large",
                "local_storage": {
                  "amount": "0",
                  "capacity": "0",
                  "category": ""
                },
                "memory_size": 4,
                "price": ""
              },
              {
                "availability_zones": [
                  "ap-southeast-1a",
                  "ap-southeast-1b"
                ],
                "burstable_instance": {
                  "baseline_credit": "0",
                  "initial_credit": "0"
                },
                "cpu_core_count": 2,
                "eni_amount": 3,
                "family": "ecs.c6t",
                "gpu": {
                  "amount": "0",
                  "category": ""
                },
                "id": "ecs.c6t.large",
                "local_storage": {
                  "amount": "0",
                  "capacity": "0",
                  "category": ""
                },
                "memory_size": 4,
                "price": ""
              }
            ],
            "is_outdated": null,
            "kubernetes_node_role": null,
            "memory_size": 4,
            "network_type": null,
            "output_file": null,
            "sorted_by": null,
            "spot_strategy": "NoSpot",
            "system_disk_category": "cloud_efficiency"
          },
          "sensitive_attributes": []
        }
      ]
    },
    {
      "mode": "data",
      "type": "alicloud_zones",
      "name": "default",
      "provider": "provider[\"registry.terraform.io/aliyun/alicloud\"]",
      "instances": [
        {
          "schema_version": 0,
          "attributes": {
            "available_disk_category": "cloud_efficiency",
            "available_instance_type": null,
            "available_resource_creation": "VSwitch",
            "available_slb_address_ip_version": null,
            "available_slb_address_type": null,
            "enable_details": false,
            "id": "1135358518",
            "ids": [
              "ap-southeast-1a",
              "ap-southeast-1b",
              "ap-southeast-1c"
            ],
            "instance_charge_type": "PostPaid",
            "multi": false,
            "network_type": null,
            "output_file": null,
            "spot_strategy": "NoSpot",
            "zones": [
              {
                "available_disk_categories": [],
                "available_instance_types": [],
                "available_resource_creation": [],
                "id": "ap-southeast-1a",
                "local_name": "",
                "multi_zone_ids": [],
                "slb_slave_zone_ids": []
              },
              {
                "available_disk_categories": [],
                "available_instance_types": [],
                "available_resource_creation": [],
                "id": "ap-southeast-1b",
                "local_name": "",
                "multi_zone_ids": [],
                "slb_slave_zone_ids": []
              },
              {
                "available_disk_categories": [],
                "available_instance_types": [],
                "available_resource_creation": [],
                "id": "ap-southeast-1c",
                "local_name": "",
                "multi_zone_ids": [],
                "slb_slave_zone_ids": []
              }
            ]
          },
          "sensitive_attributes": []
        }
      ]
    },
    {
      "mode": "managed",
      "type": "alicloud_instance",
      "name": "vault",
      "provider": "provider[\"registry.terraform.io/aliyun/alicloud\"]",
      "instances": [
        {
          "schema_version": 0,
          "attributes": {
            "allocate_public_ip": null,
            "auto_release_time": "",
            "auto_renew_period": null,
            "availability_zone": "ap-southeast-1a",
            "credit_specification": "",
            "data_disks": [],
            "deletion_protection": false,
            "description": "",
            "dry_run": false,
            "force_delete": null,
            "host_name": "iZt4n5q1x84dlyr9mnm5jlZ",
            "id": "i-t4n5q1x84dlyr9mnm5jl",
            "image_id": "ubuntu_18_04_x64_20G_alibase_20210623.vhd",
            "include_data_disks": null,
            "instance_charge_type": "PostPaid",
            "instance_name": "vault",
            "instance_type": "ecs.n1.medium",
            "internet_charge_type": "PayByTraffic",
            "internet_max_bandwidth_in": -1,
            "internet_max_bandwidth_out": 10,
            "io_optimized": null,
            "is_outdated": null,
            "key_name": "",
            "kms_encrypted_password": null,
            "kms_encryption_context": null,
            "password": "AKmwTAACch6gBKDs",
            "period": null,
            "period_unit": null,
            "private_ip": "172.28.0.31",
            "public_ip": "47.241.92.118",
            "renewal_status": null,
            "resource_group_id": "",
            "role_name": "",
            "security_enhancement_strategy": null,
            "security_groups": [
              "sg-t4n7pvah6iw43kukd0x4"
            ],
            "spot_price_limit": 0,
            "spot_strategy": "NoSpot",
            "status": "Running",
            "subnet_id": "vsw-t4n1suwcwuv7sil9q776m",
            "system_disk_auto_snapshot_policy_id": "",
            "system_disk_category": "cloud_efficiency",
            "system_disk_description": null,
            "system_disk_name": "devsecops-vault",
            "system_disk_performance_level": "",
            "system_disk_size": 50,
            "tags": {},
            "timeouts": null,
            "user_data": "#!/bin/bash\ncurl -fsSL https://apt.releases.hashicorp.com/gpg | sudo apt-key add -\nsudo apt-get update\nsudo apt-get install software-properties-common -y\nsudo apt-add-repository \"deb [arch=amd64] https://apt.releases.hashicorp.com $(lsb_release -cs) main\"\nsudo apt-get update \u0026\u0026 sudo apt-get install vault  -y\nsudo systemctl enable vault\nsudo systemctl start vault\n",
            "volume_tags": {},
            "vswitch_id": "vsw-t4n1suwcwuv7sil9q776m"
          },
          "sensitive_attributes": [
            [
              {
                "type": "get_attr",
                "value": "password"
              }
            ]
          ],
          "private": "eyJlMmJmYjczMC1lY2FhLTExZTYtOGY4OC0zNDM2M2JjN2M0YzAiOnsiY3JlYXRlIjo2MDAwMDAwMDAwMDAsImRlbGV0ZSI6MTIwMDAwMDAwMDAwMCwidXBkYXRlIjo2MDAwMDAwMDAwMDB9fQ==",
          "dependencies": [
            "random_password.password",
            "alicloud_security_group.group",
            "alicloud_vpc.vpc",
            "alicloud_vswitch.vswitch",
            "data.alicloud_images.ubuntu",
            "data.alicloud_instance_types.c2g4",
            "data.alicloud_zones.default"
          ]
        }
      ]
    },
    {
      "mode": "managed",
      "type": "alicloud_security_group",
      "name": "group",
      "provider": "provider[\"registry.terraform.io/aliyun/alicloud\"]",
      "instances": [
        {
          "schema_version": 0,
          "attributes": {
            "description": "",
            "id": "sg-t4n7pvah6iw43kukd0x4",
            "inner_access": true,
            "inner_access_policy": "Accept",
            "name": "devsecops",
            "resource_group_id": "",
            "security_group_type": "normal",
            "tags": {},
            "vpc_id": "vpc-t4nc7a4xkn5nmtur7cxsv"
          },
          "sensitive_attributes": [],
          "private": "bnVsbA==",
          "dependencies": [
            "alicloud_vpc.vpc"
          ]
        }
      ]
    },
    {
      "mode": "managed",
      "type": "alicloud_security_group_rule",
      "name": "ssh",
      "provider": "provider[\"registry.terraform.io/aliyun/alicloud\"]",
      "instances": [
        {
          "schema_version": 0,
          "attributes": {
            "cidr_ip": "0.0.0.0/0",
            "description": "",
            "id": "sg-t4n7pvah6iw43kukd0x4:ingress:tcp:22/22::0.0.0.0/0:accept:1",
            "ip_protocol": "tcp",
            "nic_type": "intranet",
            "policy": "accept",
            "port_range": "22/22",
            "priority": 1,
            "security_group_id": "sg-t4n7pvah6iw43kukd0x4",
            "source_group_owner_account": "",
            "source_security_group_id": "",
            "type": "ingress"
          },
          "sensitive_attributes": [],
          "private": "bnVsbA==",
          "dependencies": [
            "alicloud_security_group.group",
            "alicloud_vpc.vpc"
          ]
        }
      ]
    },
    {
      "mode": "managed",
      "type": "alicloud_security_group_rule",
      "name": "vault",
      "provider": "provider[\"registry.terraform.io/aliyun/alicloud\"]",
      "instances": [
        {
          "schema_version": 0,
          "attributes": {
            "cidr_ip": "0.0.0.0/0",
            "description": "",
            "id": "sg-t4n7pvah6iw43kukd0x4:ingress:tcp:8200/8200::0.0.0.0/0:accept:1",
            "ip_protocol": "tcp",
            "nic_type": "intranet",
            "policy": "accept",
            "port_range": "8200/8200",
            "priority": 1,
            "security_group_id": "sg-t4n7pvah6iw43kukd0x4",
            "source_group_owner_account": "",
            "source_security_group_id": "",
            "type": "ingress"
          },
          "sensitive_attributes": [],
          "private": "bnVsbA==",
          "dependencies": [
            "alicloud_security_group.group",
            "alicloud_vpc.vpc"
          ]
        }
      ]
    },
    {
      "mode": "managed",
      "type": "alicloud_vpc",
      "name": "vpc",
      "provider": "provider[\"registry.terraform.io/aliyun/alicloud\"]",
      "instances": [
        {
          "schema_version": 0,
          "attributes": {
            "cidr_block": "172.28.0.0/16",
            "description": "",
            "dry_run": null,
            "enable_ipv6": null,
            "id": "vpc-t4nc7a4xkn5nmtur7cxsv",
            "ipv6_cidr_block": "",
            "name": "devsecops",
            "resource_group_id": null,
            "route_table_id": "vtb-t4n8hre50a601aakldw69",
            "router_id": "vrt-t4nhfsg7yq6hb0pf769ls",
            "router_table_id": "vtb-t4n8hre50a601aakldw69",
            "secondary_cidr_blocks": [],
            "status": "Available",
            "tags": null,
            "timeouts": null,
            "user_cidrs": [],
            "vpc_name": "devsecops"
          },
          "sensitive_attributes": [],
          "private": "eyJlMmJmYjczMC1lY2FhLTExZTYtOGY4OC0zNDM2M2JjN2M0YzAiOnsiY3JlYXRlIjo2MDAwMDAwMDAwMDAsImRlbGV0ZSI6NjAwMDAwMDAwMDAwfX0="
        }
      ]
    },
    {
      "mode": "managed",
      "type": "alicloud_vswitch",
      "name": "vswitch",
      "provider": "provider[\"registry.terraform.io/aliyun/alicloud\"]",
      "instances": [
        {
          "schema_version": 0,
          "attributes": {
            "availability_zone": "ap-southeast-1a",
            "cidr_block": "172.28.0.0/24",
            "description": "",
            "id": "vsw-t4n1suwcwuv7sil9q776m",
            "name": "devsecops",
            "status": "Available",
            "tags": {},
            "timeouts": null,
            "vpc_id": "vpc-t4nc7a4xkn5nmtur7cxsv",
            "vswitch_name": "devsecops",
            "zone_id": "ap-southeast-1a"
          },
          "sensitive_attributes": [],
          "private": "eyJlMmJmYjczMC1lY2FhLTExZTYtOGY4OC0zNDM2M2JjN2M0YzAiOnsiY3JlYXRlIjo2MDAwMDAwMDAwMDAsImRlbGV0ZSI6NjAwMDAwMDAwMDAwfX0=",
          "dependencies": [
            "alicloud_vpc.vpc",
            "data.alicloud_zones.default"
          ]
        }
      ]
    },
    {
      "mode": "managed",
      "type": "random_password",
      "name": "password",
      "provider": "provider[\"registry.terraform.io/hashicorp/random\"]",
      "instances": [
        {
          "schema_version": 0,
          "attributes": {
            "id": "none",
            "keepers": null,
            "length": 16,
            "lower": true,
            "min_lower": 0,
            "min_numeric": 0,
            "min_special": 0,
            "min_upper": 0,
            "number": true,
            "override_special": null,
            "result": "AKmwTAACch6gBKDs",
            "special": false,
            "upper": true
          },
          "sensitive_attributes": [],
          "private": "bnVsbA=="
        }
      ]
    }
  ]
}
